<?xml version="1.0" encoding="utf-8"?>
<Project ToolsVersion="4.0" xmlns="http://schemas.microsoft.com/developer/msbuild/2003">
  <ItemGroup>
    <Filter Include="Header Files"><UniqueIdentifier>{1F01E73D-B911-4D11-A5D6-19C0C1B84538}</UniqueIdentifier></Filter>
    <Filter Include="Source Files"><UniqueIdentifier>{332D8D55-6E33-4F8A-A64C-48E746FF6B8A}</UniqueIdentifier></Filter>
  </ItemGroup>
  <ItemGroup>
    <ClInclude Include="Action.h"><Filter>Header Files</Filter></ClInclude>
    <ClInclude Include="CastMember.h"><Filter>Header Files</Filter></ClInclude>
    <ClInclude Include="Date.h"><Filter>Header Files</Filter></ClInclude>
    <ClInclude Include="Movie.h"><Filter>Header Files</Filter></ClInclude>
    <ClInclude Include="MovieManager.h"><Filter>Header Files</Filter></ClInclude>
    <ClInclude Include="SciFi.h"><Filter>Header Files</Filter></ClInclude>
    <ClInclude Include="ShootLocation.h"><Filter>Header Files</Filter></ClInclude>
  </ItemGroup>
  <ItemGroup>
    <ClCompile Include="Action.cpp"><Filter>Source Files</Filter></ClCompile>
    <ClCompile Include="CastMember.cpp"><Filter>Source Files</Filter></ClCompile>
    <ClCompile Include="Date.cpp"><Filter>Source Files</Filter></ClCompile>
    <ClCompile Include="Main.cpp"><Filter>Source Files</Filter></ClCompile>
    <ClCompile Include="Movie.cpp"><Filter>Source Files</Filter></ClCompile>
    <ClCompile Include="MovieManager.cpp"><Filter>Source Files</Filter></ClCompile>
    <ClCompile Include="SciFi.cpp"><Filter>Source Files</Filter></ClCompile>
    <ClCompile Include="ShootLocation.cpp"><Filter>Source Files</Filter></ClCompile>
  </ItemGroup>
</Project>
